{
  "name": "continuum",
  "lockfileVersion": 3,
  "requires": true,
  "packages": {
    "": {
      "name": "continuum",
      "dependencies": {
        "xrpl": "5.2.0-beta.1"
      }
    },
    "node_modules/@noble/curves": {
      "version": "2.4.0",
      "resolved": "https://registry.npmjs.org/@noble/curves/-/curves-2.4.0.tgz",
      "integrity": "sha512-P4/62zrgfH33CneE3Dn4WhJVA22YUU0eR51wKIan4NVRvwsA0YnPTwWGpNbpuacSujmSFLvyzpyuR30+fbq2Ew==",
      "license": "MIT",
      "dependencies": {
        "@noble/hashes": "2.4.0"
      },
      "engines": {
        "node": ">= 20.19.0"
      },
      "funding": {
        "url": "https://paulmillr.com/funding/"
      }
    },
    "node_modules/@noble/hashes": {
      "version": "2.4.0",
      "resolved": "https://registry.npmjs.org/@noble/hashes/-/hashes-2.4.0.tgz",
      "integrity": "sha512-X5XaVWZIBCT7HHZGm5I7ZQXDwLG+bGXuSrMQAW+7Zvl87h1kmc1ZB1VSRJcpUfoUrGQp4Fkoxm5kZ+Ms+aW+eA==",
      "license": "MIT",
      "engines": {
        "node": ">= 20.19.0"
      },
      "funding": {
        "url": "https://paulmillr.com/funding/"
      }
    },
    "node_modules/@scure/base": {
      "version": "2.4.0",
      "resolved": "https://registry.npmjs.org/@scure/base/-/base-2.4.0.tgz",
      "integrity": "sha512-thZ1TuJwFwBblOhgsjDKvvGirBxNp+wSvY/DR6tJBJOTDhdAAcHJ8Vbr2eFnqaxeca4+t0i9KBf+uHYGWwZORg==",
      "license": "MIT",
      "funding": {
        "url": "https://paulmillr.com/funding/"
      }
    },
    "node_modules/@scure/bip32": {
      "version": "2.4.0",
      "resolved": "https://registry.npmjs.org/@scure/bip32/-/bip32-2.4.0.tgz",
      "integrity": "sha512-i3DS0CptAocyvqE4n3SUkpzeQK4vJMFwWLofTwRiiKo2aWojBOfyMCgfKw9HVpO6fSY5AK86sHS/Uzn8kK9Few==",
      "license": "MIT",
      "dependencies": {
        "@noble/curves": "2.4.0",
        "@noble/hashes": "2.4.0",
        "@scure/base": "2.4.0"
      },
      "funding": {
        "url": "https://paulmillr.com/funding/"
      }
    },
    "node_modules/@scure/bip39": {
      "version": "2.4.0",
      "resolved": "https://registry.npmjs.org/@scure/bip39/-/bip39-2.4.0.tgz",
      "integrity": "sha512-82dxFbZUYboyOf0AXiydsQrFQ5Q4h9mX+O2UkE91ROYmsc0BKMGZLwDmy96Jpa2+vrtoxomjUhy1RPIgH/r2nA==",
      "license": "MIT",
      "dependencies": {
        "@noble/hashes": "2.4.0"
      },
      "funding": {
        "url": "https://paulmillr.com/funding/"
      }
    },
    "node_modules/@xrplf/isomorphic": {
      "version": "1.0.2",
      "resolved": "https://registry.npmjs.org/@xrplf/isomorphic/-/isomorphic-1.0.2.tgz",
      "integrity": "sha512-ncZUdMXr6VlSXtdoiDi0jTH+gBrgGxwVeEidhoegII3PmyErbQsyj6e+j7acmR4LW/lvBkPkzb9QzRfJH0n3rA==",
      "license": "ISC",
      "dependencies": {
        "@noble/hashes": "^2.0.1",
        "eventemitter3": "5.0.1",
        "ws": "^8.20.0"
      },
      "engines": {
        "node": ">=18.0.0"
      }
    },
    "node_modules/@xrplf/isomorphic/node_modules/eventemitter3": {
      "version": "5.0.1",
      "resolved": "https://registry.npmjs.org/eventemitter3/-/eventemitter3-5.0.1.tgz",
      "integrity": "sha512-GWkBvjiSZK87ELrYOSESUYeVIc9mvLLf/nXalMOS5dYrgZq9o5OVkbZAVM06CVxYsCwH9BDZFPlQTlPA1j4ahA==",
      "license": "MIT"
    },
    "node_modules/@xrplf/mpt-crypto": {
      "version": "0.1.1",
      "resolved": "https://registry.npmjs.org/@xrplf/mpt-crypto/-/mpt-crypto-0.1.1.tgz",
      "integrity": "sha512-Wv9wbk60DRGWvI+B9DITwfWygCWDfEjv8yWxiLJyDf/G8UPkfhVlUKIflF9nMaBFMygPRkXrpO1jNqTj6/vJow==",
      "license": "ISC",
      "engines": {
        "node": ">= 18"
      }
    },
    "node_modules/@xrplf/secret-numbers": {
      "version": "3.0.0",
      "resolved": "https://registry.npmjs.org/@xrplf/secret-numbers/-/secret-numbers-3.0.0.tgz",
      "integrity": "sha512-qpGhAZXv5noMDjCtfzq5NK0y5rrdwTVjKhhPcAYSE+a/gogBOgqdpCKyieprVVPCnmVmJnGeRoZKBAqpCGegsA==",
      "license": "ISC",
      "dependencies": {
        "@xrplf/isomorphic": "^1.0.2",
        "ripple-keypairs": "^3.0.0"
      }
    },
    "node_modules/bignumber.js": {
      "version": "10.0.2",
      "resolved": "https://registry.npmjs.org/bignumber.js/-/bignumber.js-10.0.2.tgz",
      "integrity": "sha512-E8Wp9O06QA6lneJ4aRUXKYf/1GIomqUEmUMwtIOMtDxf1U52ffJY+y7JBk/8wRafA8qOIqLnXQGqonYXZdBnFQ==",
      "license": "MIT"
    },
    "node_modules/eventemitter3": {
      "version": "5.0.4",
      "resolved": "https://registry.npmjs.org/eventemitter3/-/eventemitter3-5.0.4.tgz",
      "integrity": "sha512-mlsTRyGaPBjPedk6Bvw+aqbsXDtoAyAzm5MO7JgU+yVRyMQ5O8bD4Kcci7BS85f93veegeCPkL8R4GLClnjLFw==",
      "license": "MIT"
    },
    "node_modules/fast-json-stable-stringify": {
      "version": "2.1.0",
      "resolved": "https://registry.npmjs.org/fast-json-stable-stringify/-/fast-json-stable-stringify-2.1.0.tgz",
      "integrity": "sha512-lhd/wF+Lk98HZoTCtlVraHtfh5XYijIjalXck7saUtuanSDyLMxnHhSXEDJqHxD7msR8D0uCmqlkwjCV8xvwHw==",
      "license": "MIT"
    },
    "node_modules/ripple-address-codec": {
      "version": "5.0.1",
      "resolved": "https://registry.npmjs.org/ripple-address-codec/-/ripple-address-codec-5.0.1.tgz",
      "integrity": "sha512-JQHLKuVJV8lv9Qobmn4aUM2Dpv9WRRLKnNWfM8tN02fAbUtG8mUPsu9q9UYX8P76G4qzytEc5ZKMp/3JggNYmw==",
      "license": "ISC",
      "dependencies": {
        "@scure/base": "^2.0.0",
        "@xrplf/isomorphic": "^1.0.2"
      },
      "engines": {
        "node": ">= 18"
      }
    },
    "node_modules/ripple-binary-codec": {
      "version": "2.11.0",
      "resolved": "https://registry.npmjs.org/ripple-binary-codec/-/ripple-binary-codec-2.11.0.tgz",
      "integrity": "sha512-qad61CYAqIi8H7DuPnuDpj40wrXY8wYrc1YbuDcA9G/NZG0Uu8unHNbTC6Itz8SlOSL0P/nF/8HTFW/1caVlTg==",
      "license": "ISC",
      "dependencies": {
        "@xrplf/isomorphic": "^1.0.2",
        "bignumber.js": "^10.0.2",
        "ripple-address-codec": "^5.0.1"
      },
      "engines": {
        "node": ">= 18"
      }
    },
    "node_modules/ripple-keypairs": {
      "version": "3.1.0",
      "resolved": "https://registry.npmjs.org/ripple-keypairs/-/ripple-keypairs-3.1.0.tgz",
      "integrity": "sha512-yeqN768gaHStQ76qwaJ2TGxIGMXA4c9tg32n1zMHUWbyfEKXA70XOUH8SQdnAnIQNCASd8hzBZ8Edoqcd+a+IA==",
      "license": "ISC",
      "dependencies": {
        "@noble/curves": "^2.0.1",
        "@xrplf/isomorphic": "^1.0.2",
        "ripple-address-codec": "^5.0.1"
      },
      "engines": {
        "node": ">= 18"
      }
    },
    "node_modules/ws": {
      "version": "8.21.3",
      "resolved": "https://registry.npmjs.org/ws/-/ws-8.21.3.tgz",
      "integrity": "sha512-201TZ/kPWxoPr/OKWjquZR1SWKXcvxdH+e1xrx89b3YbmzLMFCLfnaG1HFIgWzJOEWZ7MvpK++odZufgYR50Rw==",
      "license": "MIT",
      "engines": {
        "node": ">=10.0.0"
      },
      "peerDependencies": {
        "bufferutil": "^4.0.1",
        "utf-8-validate": ">=5.0.2"
      },
      "peerDependenciesMeta": {
        "bufferutil": {
          "optional": true
        },
        "utf-8-validate": {
          "optional": true
        }
      }
    },
    "node_modules/xrpl": {
      "version": "5.2.0-beta.1",
      "resolved": "https://registry.npmjs.org/xrpl/-/xrpl-5.2.0-beta.1.tgz",
      "integrity": "sha512-LWqlOEd1QKCDnX2RsJQZsvgrblsZ+NlsdpcIh0c2foP3Sye1d7n57bnhCVw6PjyvjR6vYKBuwbcNSXn8unLyWA==",
      "license": "ISC",
      "dependencies": {
        "@scure/bip32": "^2.0.1",
        "@scure/bip39": "^2.0.1",
        "@xrplf/isomorphic": "^1.0.2",
        "@xrplf/mpt-crypto": "^0.1.1",
        "@xrplf/secret-numbers": "^3.0.0",
        "bignumber.js": "^10.0.2",
        "eventemitter3": "^5.0.1",
        "fast-json-stable-stringify": "^2.1.0",
        "ripple-address-codec": "^5.0.1",
        "ripple-binary-codec": "^2.11.0-beta.1",
        "ripple-keypairs": "^3.0.0"
      },
      "engines": {
        "node": ">=20.19.0"
      }
    }
  }
}
